// !$*UTF8*$!
{
	archiveVersion = 1;
	classes = {
	};
	objectVersion = 56;
	objects = {

/* Begin PBXBuildFile section */
		83A8DFC32B62CC6C00EF424A /* AppDelegate.swift in Sources */ = {isa = PBXBuildFile; fileRef = 83A8DFC22B62CC6C00EF424A /* AppDelegate.swift */; };
		83A8DFC52B62CC6C00EF424A /* SceneDelegate.swift in Sources */ = {isa = PBXBuildFile; fileRef = 83A8DFC42B62CC6C00EF424A /* SceneDelegate.swift */; };
		83A8DFC72B62CC6C00EF424A /* ViewController.swift in Sources */ = {isa = PBXBuildFile; fileRef = 83A8DFC62B62CC6C00EF424A /* ViewController.swift */; };
		83A8DFCA2B62CC6C00EF424A /* Main.storyboard in Resources */ = {isa = PBXBuildFile; fileRef = 83A8DFC82B62CC6C00EF424A /* Main.storyboard */; };
		83A8DFCC2B62CC6D00EF424A /* Assets.xcassets in Resources */ = {isa = PBXBuildFile; fileRef = 83A8DFCB2B62CC6D00EF424A /* Assets.xcassets */; };
		83A8DFCF2B62CC6D00EF424A /* LaunchScreen.storyboard in Resources */ = {isa = PBXBuildFile; fileRef = 83A8DFCD2B62CC6D00EF424A /* LaunchScreen.storyboard */; };
		83A8DFDA2B62CC6E00EF424A /* FeedLoaderWithFallbackCompositeTests.swift in Sources */ = {isa = PBXBuildFile; fileRef = 83A8DFD92B62CC6E00EF424A /* FeedLoaderWithFallbackCompositeTests.swift */; };
		83A8DFF72B62CE8800EF424A /* EssentialFeed.framework in Frameworks */ = {isa = PBXBuildFile; fileRef = 83A8DFF52B62CE8800EF424A /* EssentialFeed.framework */; };
		83A8DFF82B62CE8800EF424A /* EssentialFeed.framework in Embed Frameworks */ = {isa = PBXBuildFile; fileRef = 83A8DFF52B62CE8800EF424A /* EssentialFeed.framework */; settings = {ATTRIBUTES = (CodeSignOnCopy, RemoveHeadersOnCopy, ); }; };
		83A8DFF92B62CE8800EF424A /* EssentialFeediOS.framework in Frameworks */ = {isa = PBXBuildFile; fileRef = 83A8DFF62B62CE8800EF424A /* EssentialFeediOS.framework */; };
		83A8DFFA2B62CE8800EF424A /* EssentialFeediOS.framework in Embed Frameworks */ = {isa = PBXBuildFile; fileRef = 83A8DFF62B62CE8800EF424A /* EssentialFeediOS.framework */; settings = {ATTRIBUTES = (CodeSignOnCopy, RemoveHeadersOnCopy, ); }; };
		83A8DFFD2B62CEC700EF424A /* FeedLoaderWithFallbackComposite.swift in Sources */ = {isa = PBXBuildFile; fileRef = 83A8DFFC2B62CEC700EF424A /* FeedLoaderWithFallbackComposite.swift */; };
		83A8DFFF2B62D09000EF424A /* FeedImageDataLoaderWithFallbackCompositeTests.swift in Sources */ = {isa = PBXBuildFile; fileRef = 83A8DFFE2B62D09000EF424A /* FeedImageDataLoaderWithFallbackCompositeTests.swift */; };
		83A8E0012B62D6D300EF424A /* FeedImageDataLoaderWithFallbackComposite.swift in Sources */ = {isa = PBXBuildFile; fileRef = 83A8E0002B62D6D300EF424A /* FeedImageDataLoaderWithFallbackComposite.swift */; };
		83A8E0042B62D7DB00EF424A /* XCTestCase+MemoryLeakTracking.swift in Sources */ = {isa = PBXBuildFile; fileRef = 83A8E0032B62D7DB00EF424A /* XCTestCase+MemoryLeakTracking.swift */; };
		83A8E0062B62D84E00EF424A /* SharedTestHelpers.swift in Sources */ = {isa = PBXBuildFile; fileRef = 83A8E0052B62D84E00EF424A /* SharedTestHelpers.swift */; };
		83A8E0082B642C6900EF424A /* FeedLoaderCacheDecoratorTests.swift in Sources */ = {isa = PBXBuildFile; fileRef = 83A8E0072B642C6900EF424A /* FeedLoaderCacheDecoratorTests.swift */; };
		83A8E00A2B642CF900EF424A /* FeedLoaderStub.swift in Sources */ = {isa = PBXBuildFile; fileRef = 83A8E0092B642CF900EF424A /* FeedLoaderStub.swift */; };
		83A8E00C2B642E2300EF424A /* XCTestCase+FeedLoader.swift in Sources */ = {isa = PBXBuildFile; fileRef = 83A8E00B2B642E2300EF424A /* XCTestCase+FeedLoader.swift */; };
		83A8E00E2B6433DA00EF424A /* FeedLoaderCacheDecorator.swift in Sources */ = {isa = PBXBuildFile; fileRef = 83A8E00D2B6433DA00EF424A /* FeedLoaderCacheDecorator.swift */; };
		83A8E0122B64366500EF424A /* FeedImageDataLoaderCacheDecoratorTests.swift in Sources */ = {isa = PBXBuildFile; fileRef = 83A8E0112B64366500EF424A /* FeedImageDataLoaderCacheDecoratorTests.swift */; };
		83A8E0142B6436EB00EF424A /* FeedImageDataLoaderSpy.swift in Sources */ = {isa = PBXBuildFile; fileRef = 83A8E0132B6436EB00EF424A /* FeedImageDataLoaderSpy.swift */; };
		83A8E0162B6437EA00EF424A /* XCTestCase+FeedImageDataLoader.swift in Sources */ = {isa = PBXBuildFile; fileRef = 83A8E0152B6437EA00EF424A /* XCTestCase+FeedImageDataLoader.swift */; };
		83A8E01A2B643AD500EF424A /* FeedImageDataLoaderCacheDecorator.swift in Sources */ = {isa = PBXBuildFile; fileRef = 83A8E0192B643AD500EF424A /* FeedImageDataLoaderCacheDecorator.swift */; };
		83A8E0222B65A29900EF424A /* EssentialAppUIAcceptanceTests.swift in Sources */ = {isa = PBXBuildFile; fileRef = 83A8E0212B65A29900EF424A /* EssentialAppUIAcceptanceTests.swift */; };
/* End PBXBuildFile section */

/* Begin PBXContainerItemProxy section */
		83A8DFD62B62CC6E00EF424A /* PBXContainerItemProxy */ = {
			isa = PBXContainerItemProxy;
			containerPortal = 83A8DFB72B62CC6C00EF424A /* Project object */;
			proxyType = 1;
			remoteGlobalIDString = 83A8DFBE2B62CC6C00EF424A;
			remoteInfo = EssentialApp;
		};
		83A8E0282B65A47500EF424A /* PBXContainerItemProxy */ = {
			isa = PBXContainerItemProxy;
			containerPortal = 83A8DFB72B62CC6C00EF424A /* Project object */;
			proxyType = 1;
			remoteGlobalIDString = 83A8DFBE2B62CC6C00EF424A;
			remoteInfo = EssentialApp;
		};
/* End PBXContainerItemProxy section */

/* Begin PBXCopyFilesBuildPhase section */
		83A8DFFB2B62CE8800EF424A /* Embed Frameworks */ = {
			isa = PBXCopyFilesBuildPhase;
			buildActionMask = 2147483647;
			dstPath = "";
			dstSubfolderSpec = 10;
			files = (
				83A8DFF82B62CE8800EF424A /* EssentialFeed.framework in Embed Frameworks */,
				83A8DFFA2B62CE8800EF424A /* EssentialFeediOS.framework in Embed Frameworks */,
			);
			name = "Embed Frameworks";
			runOnlyForDeploymentPostprocessing = 0;
		};
/* End PBXCopyFilesBuildPhase section */

/* Begin PBXFileReference section */
		83A8DFBF2B62CC6C00EF424A /* EssentialApp.app */ = {isa = PBXFileReference; explicitFileType = wrapper.application; includeInIndex = 0; path = EssentialApp.app; sourceTree = BUILT_PRODUCTS_DIR; };
		83A8DFC22B62CC6C00EF424A /* AppDelegate.swift */ = {isa = PBXFileReference; lastKnownFileType = sourcecode.swift; path = AppDelegate.swift; sourceTree = "<group>"; };
		83A8DFC42B62CC6C00EF424A /* SceneDelegate.swift */ = {isa = PBXFileReference; lastKnownFileType = sourcecode.swift; path = SceneDelegate.swift; sourceTree = "<group>"; };
		83A8DFC62B62CC6C00EF424A /* ViewController.swift */ = {isa = PBXFileReference; lastKnownFileType = sourcecode.swift; path = ViewController.swift; sourceTree = "<group>"; };
		83A8DFC92B62CC6C00EF424A /* Base */ = {isa = PBXFileReference; lastKnownFileType = file.storyboard; name = Base; path = Base.lproj/Main.storyboard; sourceTree = "<group>"; };
		83A8DFCB2B62CC6D00EF424A /* Assets.xcassets */ = {isa = PBXFileReference; lastKnownFileType = folder.assetcatalog; path = Assets.xcassets; sourceTree = "<group>"; };
		83A8DFCE2B62CC6D00EF424A /* Base */ = {isa = PBXFileReference; lastKnownFileType = file.storyboard; name = Base; path = Base.lproj/LaunchScreen.storyboard; sourceTree = "<group>"; };
		83A8DFD02B62CC6D00EF424A /* Info.plist */ = {isa = PBXFileReference; lastKnownFileType = text.plist.xml; path = Info.plist; sourceTree = "<group>"; };
		83A8DFD52B62CC6E00EF424A /* EssentialAppTests.xctest */ = {isa = PBXFileReference; explicitFileType = wrapper.cfbundle; includeInIndex = 0; path = EssentialAppTests.xctest; sourceTree = BUILT_PRODUCTS_DIR; };
		83A8DFD92B62CC6E00EF424A /* FeedLoaderWithFallbackCompositeTests.swift */ = {isa = PBXFileReference; lastKnownFileType = sourcecode.swift; path = FeedLoaderWithFallbackCompositeTests.swift; sourceTree = "<group>"; };
		83A8DFF22B62CCCE00EF424A /* EssentialAppTestPlan.xctestplan */ = {isa = PBXFileReference; lastKnownFileType = text; path = EssentialAppTestPlan.xctestplan; sourceTree = "<group>"; };
		83A8DFF52B62CE8800EF424A /* EssentialFeed.framework */ = {isa = PBXFileReference; explicitFileType = wrapper.framework; path = EssentialFeed.framework; sourceTree = BUILT_PRODUCTS_DIR; };
		83A8DFF62B62CE8800EF424A /* EssentialFeediOS.framework */ = {isa = PBXFileReference; explicitFileType = wrapper.framework; path = EssentialFeediOS.framework; sourceTree = BUILT_PRODUCTS_DIR; };
		83A8DFFC2B62CEC700EF424A /* FeedLoaderWithFallbackComposite.swift */ = {isa = PBXFileReference; lastKnownFileType = sourcecode.swift; path = FeedLoaderWithFallbackComposite.swift; sourceTree = "<group>"; };
		83A8DFFE2B62D09000EF424A /* FeedImageDataLoaderWithFallbackCompositeTests.swift */ = {isa = PBXFileReference; lastKnownFileType = sourcecode.swift; path = FeedImageDataLoaderWithFallbackCompositeTests.swift; sourceTree = "<group>"; };
		83A8E0002B62D6D300EF424A /* FeedImageDataLoaderWithFallbackComposite.swift */ = {isa = PBXFileReference; lastKnownFileType = sourcecode.swift; path = FeedImageDataLoaderWithFallbackComposite.swift; sourceTree = "<group>"; };
		83A8E0032B62D7DB00EF424A /* XCTestCase+MemoryLeakTracking.swift */ = {isa = PBXFileReference; lastKnownFileType = sourcecode.swift; path = "XCTestCase+MemoryLeakTracking.swift"; sourceTree = "<group>"; };
		83A8E0052B62D84E00EF424A /* SharedTestHelpers.swift */ = {isa = PBXFileReference; lastKnownFileType = sourcecode.swift; path = SharedTestHelpers.swift; sourceTree = "<group>"; };
		83A8E0072B642C6900EF424A /* FeedLoaderCacheDecoratorTests.swift */ = {isa = PBXFileReference; lastKnownFileType = sourcecode.swift; path = FeedLoaderCacheDecoratorTests.swift; sourceTree = "<group>"; };
		83A8E0092B642CF900EF424A /* FeedLoaderStub.swift */ = {isa = PBXFileReference; lastKnownFileType = sourcecode.swift; path = FeedLoaderStub.swift; sourceTree = "<group>"; };
		83A8E00B2B642E2300EF424A /* XCTestCase+FeedLoader.swift */ = {isa = PBXFileReference; lastKnownFileType = sourcecode.swift; path = "XCTestCase+FeedLoader.swift"; sourceTree = "<group>"; };
		83A8E00D2B6433DA00EF424A /* FeedLoaderCacheDecorator.swift */ = {isa = PBXFileReference; lastKnownFileType = sourcecode.swift; path = FeedLoaderCacheDecorator.swift; sourceTree = "<group>"; };
		83A8E0112B64366500EF424A /* FeedImageDataLoaderCacheDecoratorTests.swift */ = {isa = PBXFileReference; lastKnownFileType = sourcecode.swift; path = FeedImageDataLoaderCacheDecoratorTests.swift; sourceTree = "<group>"; };
		83A8E0132B6436EB00EF424A /* FeedImageDataLoaderSpy.swift */ = {isa = PBXFileReference; lastKnownFileType = sourcecode.swift; path = FeedImageDataLoaderSpy.swift; sourceTree = "<group>"; };
		83A8E0152B6437EA00EF424A /* XCTestCase+FeedImageDataLoader.swift */ = {isa = PBXFileReference; lastKnownFileType = sourcecode.swift; path = "XCTestCase+FeedImageDataLoader.swift"; sourceTree = "<group>"; };
		83A8E0192B643AD500EF424A /* FeedImageDataLoaderCacheDecorator.swift */ = {isa = PBXFileReference; lastKnownFileType = sourcecode.swift; path = FeedImageDataLoaderCacheDecorator.swift; sourceTree = "<group>"; };
		83A8E01F2B65A29900EF424A /* EssentialAppUIAcceptanceTests.xctest */ = {isa = PBXFileReference; explicitFileType = wrapper.cfbundle; includeInIndex = 0; path = EssentialAppUIAcceptanceTests.xctest; sourceTree = BUILT_PRODUCTS_DIR; };
		83A8E0212B65A29900EF424A /* EssentialAppUIAcceptanceTests.swift */ = {isa = PBXFileReference; lastKnownFileType = sourcecode.swift; path = EssentialAppUIAcceptanceTests.swift; sourceTree = "<group>"; };
/* End PBXFileReference section */

/* Begin PBXFrameworksBuildPhase section */
		83A8DFBC2B62CC6C00EF424A /* Frameworks */ = {
			isa = PBXFrameworksBuildPhase;
			buildActionMask = 2147483647;
			files = (
				83A8DFF72B62CE8800EF424A /* EssentialFeed.framework in Frameworks */,
				83A8DFF92B62CE8800EF424A /* EssentialFeediOS.framework in Frameworks */,
			);
			runOnlyForDeploymentPostprocessing = 0;
		};
		83A8DFD22B62CC6E00EF424A /* Frameworks */ = {
			isa = PBXFrameworksBuildPhase;
			buildActionMask = 2147483647;
			files = (
			);
			runOnlyForDeploymentPostprocessing = 0;
		};
		83A8E01C2B65A29900EF424A /* Frameworks */ = {
			isa = PBXFrameworksBuildPhase;
			buildActionMask = 2147483647;
			files = (
			);
			runOnlyForDeploymentPostprocessing = 0;
		};
/* End PBXFrameworksBuildPhase section */

/* Begin PBXGroup section */
		83A8DFB62B62CC6C00EF424A = {
			isa = PBXGroup;
			children = (
				83A8DFF32B62CD3500EF424A /* Test Plans */,
				83A8DFC12B62CC6C00EF424A /* EssentialApp */,
				83A8DFD82B62CC6E00EF424A /* EssentialAppTests */,
				83A8E0202B65A29900EF424A /* EssentialAppUIAcceptanceTests */,
				83A8DFC02B62CC6C00EF424A /* Products */,
				83A8DFF42B62CE8800EF424A /* Frameworks */,
			);
			sourceTree = "<group>";
		};
		83A8DFC02B62CC6C00EF424A /* Products */ = {
			isa = PBXGroup;
			children = (
				83A8DFBF2B62CC6C00EF424A /* EssentialApp.app */,
				83A8DFD52B62CC6E00EF424A /* EssentialAppTests.xctest */,
				83A8E01F2B65A29900EF424A /* EssentialAppUIAcceptanceTests.xctest */,
			);
			name = Products;
			sourceTree = "<group>";
		};
		83A8DFC12B62CC6C00EF424A /* EssentialApp */ = {
			isa = PBXGroup;
			children = (
				83A8DFC22B62CC6C00EF424A /* AppDelegate.swift */,
				83A8DFC42B62CC6C00EF424A /* SceneDelegate.swift */,
				83A8DFC62B62CC6C00EF424A /* ViewController.swift */,
				83A8DFFC2B62CEC700EF424A /* FeedLoaderWithFallbackComposite.swift */,
				83A8E0002B62D6D300EF424A /* FeedImageDataLoaderWithFallbackComposite.swift */,
				83A8E00D2B6433DA00EF424A /* FeedLoaderCacheDecorator.swift */,
				83A8E0192B643AD500EF424A /* FeedImageDataLoaderCacheDecorator.swift */,
				83A8DFC82B62CC6C00EF424A /* Main.storyboard */,
				83A8DFCB2B62CC6D00EF424A /* Assets.xcassets */,
				83A8DFCD2B62CC6D00EF424A /* LaunchScreen.storyboard */,
				83A8DFD02B62CC6D00EF424A /* Info.plist */,
			);
			path = EssentialApp;
			sourceTree = "<group>";
		};
		83A8DFD82B62CC6E00EF424A /* EssentialAppTests */ = {
			isa = PBXGroup;
			children = (
				83A8E0022B62D7C500EF424A /* Helpers */,
				83A8DFD92B62CC6E00EF424A /* FeedLoaderWithFallbackCompositeTests.swift */,
				83A8DFFE2B62D09000EF424A /* FeedImageDataLoaderWithFallbackCompositeTests.swift */,
				83A8E0072B642C6900EF424A /* FeedLoaderCacheDecoratorTests.swift */,
				83A8E0112B64366500EF424A /* FeedImageDataLoaderCacheDecoratorTests.swift */,
			);
			path = EssentialAppTests;
			sourceTree = "<group>";
		};
		83A8DFF32B62CD3500EF424A /* Test Plans */ = {
			isa = PBXGroup;
			children = (
				83A8DFF22B62CCCE00EF424A /* EssentialAppTestPlan.xctestplan */,
			);
			path = "Test Plans";
			sourceTree = "<group>";
		};
		83A8DFF42B62CE8800EF424A /* Frameworks */ = {
			isa = PBXGroup;
			children = (
				83A8DFF52B62CE8800EF424A /* EssentialFeed.framework */,
				83A8DFF62B62CE8800EF424A /* EssentialFeediOS.framework */,
			);
			name = Frameworks;
			sourceTree = "<group>";
		};
		83A8E0022B62D7C500EF424A /* Helpers */ = {
			isa = PBXGroup;
			children = (
				83A8E0032B62D7DB00EF424A /* XCTestCase+MemoryLeakTracking.swift */,
				83A8E0052B62D84E00EF424A /* SharedTestHelpers.swift */,
				83A8E0092B642CF900EF424A /* FeedLoaderStub.swift */,
				83A8E00B2B642E2300EF424A /* XCTestCase+FeedLoader.swift */,
				83A8E0132B6436EB00EF424A /* FeedImageDataLoaderSpy.swift */,
				83A8E0152B6437EA00EF424A /* XCTestCase+FeedImageDataLoader.swift */,
			);
			path = Helpers;
			sourceTree = "<group>";
		};
		83A8E0202B65A29900EF424A /* EssentialAppUIAcceptanceTests */ = {
			isa = PBXGroup;
			children = (
				83A8E0212B65A29900EF424A /* EssentialAppUIAcceptanceTests.swift */,
			);
			path = EssentialAppUIAcceptanceTests;
			sourceTree = "<group>";
		};
/* End PBXGroup section */

/* Begin PBXNativeTarget section */
		83A8DFBE2B62CC6C00EF424A /* EssentialApp */ = {
			isa = PBXNativeTarget;
			buildConfigurationList = 83A8DFE92B62CC6E00EF424A /* Build configuration list for PBXNativeTarget "EssentialApp" */;
			buildPhases = (
				83A8DFBB2B62CC6C00EF424A /* Sources */,
				83A8DFBC2B62CC6C00EF424A /* Frameworks */,
				83A8DFBD2B62CC6C00EF424A /* Resources */,
				83A8DFFB2B62CE8800EF424A /* Embed Frameworks */,
			);
			buildRules = (
			);
			dependencies = (
			);
			name = EssentialApp;
			productName = EssentialApp;
			productReference = 83A8DFBF2B62CC6C00EF424A /* EssentialApp.app */;
			productType = "com.apple.product-type.application";
		};
		83A8DFD42B62CC6E00EF424A /* EssentialAppTests */ = {
			isa = PBXNativeTarget;
			buildConfigurationList = 83A8DFEC2B62CC6E00EF424A /* Build configuration list for PBXNativeTarget "EssentialAppTests" */;
			buildPhases = (
				83A8DFD12B62CC6E00EF424A /* Sources */,
				83A8DFD22B62CC6E00EF424A /* Frameworks */,
				83A8DFD32B62CC6E00EF424A /* Resources */,
			);
			buildRules = (
			);
			dependencies = (
				83A8DFD72B62CC6E00EF424A /* PBXTargetDependency */,
			);
			name = EssentialAppTests;
			productName = EssentialAppTests;
			productReference = 83A8DFD52B62CC6E00EF424A /* EssentialAppTests.xctest */;
			productType = "com.apple.product-type.bundle.unit-test";
		};
		83A8E01E2B65A29900EF424A /* EssentialAppUIAcceptanceTests */ = {
			isa = PBXNativeTarget;
			buildConfigurationList = 83A8E0272B65A29900EF424A /* Build configuration list for PBXNativeTarget "EssentialAppUIAcceptanceTests" */;
			buildPhases = (
				83A8E01B2B65A29900EF424A /* Sources */,
				83A8E01C2B65A29900EF424A /* Frameworks */,
				83A8E01D2B65A29900EF424A /* Resources */,
			);
			buildRules = (
			);
			dependencies = (
				83A8E0292B65A47500EF424A /* PBXTargetDependency */,
			);
			name = EssentialAppUIAcceptanceTests;
			productName = EssentialAppUIAcceptanceTests;
			productReference = 83A8E01F2B65A29900EF424A /* EssentialAppUIAcceptanceTests.xctest */;
			productType = "com.apple.product-type.bundle.ui-testing";
		};
/* End PBXNativeTarget section */

/* Begin PBXProject section */
		83A8DFB72B62CC6C00EF424A /* Project object */ = {
			isa = PBXProject;
			attributes = {
				BuildIndependentTargetsInParallel = 1;
				LastSwiftUpdateCheck = 1520;
				LastUpgradeCheck = 1520;
				TargetAttributes = {
					83A8DFBE2B62CC6C00EF424A = {
						CreatedOnToolsVersion = 15.2;
					};
					83A8DFD42B62CC6E00EF424A = {
						CreatedOnToolsVersion = 15.2;
						TestTargetID = 83A8DFBE2B62CC6C00EF424A;
					};
					83A8E01E2B65A29900EF424A = {
						CreatedOnToolsVersion = 15.2;
						TestTargetID = 83A8DFBE2B62CC6C00EF424A;
					};
				};
			};
			buildConfigurationList = 83A8DFBA2B62CC6C00EF424A /* Build configuration list for PBXProject "EssentialApp" */;
			compatibilityVersion = "Xcode 14.0";
			developmentRegion = en;
			hasScannedForEncodings = 0;
			knownRegions = (
				en,
				Base,
			);
			mainGroup = 83A8DFB62B62CC6C00EF424A;
			productRefGroup = 83A8DFC02B62CC6C00EF424A /* Products */;
			projectDirPath = "";
			projectRoot = "";
			targets = (
				83A8DFBE2B62CC6C00EF424A /* EssentialApp */,
				83A8DFD42B62CC6E00EF424A /* EssentialAppTests */,
				83A8E01E2B65A29900EF424A /* EssentialAppUIAcceptanceTests */,
			);
		};
/* End PBXProject section */

/* Begin PBXResourcesBuildPhase section */
		83A8DFBD2B62CC6C00EF424A /* Resources */ = {
			isa = PBXResourcesBuildPhase;
			buildActionMask = 2147483647;
			files = (
				83A8DFCF2B62CC6D00EF424A /* LaunchScreen.storyboard in Resources */,
				83A8DFCC2B62CC6D00EF424A /* Assets.xcassets in Resources */,
				83A8DFCA2B62CC6C00EF424A /* Main.storyboard in Resources */,
			);
			runOnlyForDeploymentPostprocessing = 0;
		};
		83A8DFD32B62CC6E00EF424A /* Resources */ = {
			isa = PBXResourcesBuildPhase;
			buildActionMask = 2147483647;
			files = (
			);
			runOnlyForDeploymentPostprocessing = 0;
		};
		83A8E01D2B65A29900EF424A /* Resources */ = {
			isa = PBXResourcesBuildPhase;
			buildActionMask = 2147483647;
			files = (
			);
			runOnlyForDeploymentPostprocessing = 0;
		};
/* End PBXResourcesBuildPhase section */

/* Begin PBXSourcesBuildPhase section */
		83A8DFBB2B62CC6C00EF424A /* Sources */ = {
			isa = PBXSourcesBuildPhase;
			buildActionMask = 2147483647;
			files = (
				83A8DFC72B62CC6C00EF424A /* ViewController.swift in Sources */,
				83A8DFC32B62CC6C00EF424A /* AppDelegate.swift in Sources */,
				83A8DFFD2B62CEC700EF424A /* FeedLoaderWithFallbackComposite.swift in Sources */,
				83A8E00E2B6433DA00EF424A /* FeedLoaderCacheDecorator.swift in Sources */,
				83A8DFC52B62CC6C00EF424A /* SceneDelegate.swift in Sources */,
				83A8E0012B62D6D300EF424A /* FeedImageDataLoaderWithFallbackComposite.swift in Sources */,
				83A8E01A2B643AD500EF424A /* FeedImageDataLoaderCacheDecorator.swift in Sources */,
			);
			runOnlyForDeploymentPostprocessing = 0;
		};
		83A8DFD12B62CC6E00EF424A /* Sources */ = {
			isa = PBXSourcesBuildPhase;
			buildActionMask = 2147483647;
			files = (
				83A8E0062B62D84E00EF424A /* SharedTestHelpers.swift in Sources */,
				83A8E0122B64366500EF424A /* FeedImageDataLoaderCacheDecoratorTests.swift in Sources */,
				83A8E00C2B642E2300EF424A /* XCTestCase+FeedLoader.swift in Sources */,
				83A8E0162B6437EA00EF424A /* XCTestCase+FeedImageDataLoader.swift in Sources */,
				83A8E0082B642C6900EF424A /* FeedLoaderCacheDecoratorTests.swift in Sources */,
				83A8E0142B6436EB00EF424A /* FeedImageDataLoaderSpy.swift in Sources */,
				83A8DFFF2B62D09000EF424A /* FeedImageDataLoaderWithFallbackCompositeTests.swift in Sources */,
				83A8DFDA2B62CC6E00EF424A /* FeedLoaderWithFallbackCompositeTests.swift in Sources */,
				83A8E00A2B642CF900EF424A /* FeedLoaderStub.swift in Sources */,
				83A8E0042B62D7DB00EF424A /* XCTestCase+MemoryLeakTracking.swift in Sources */,
			);
			runOnlyForDeploymentPostprocessing = 0;
		};
		83A8E01B2B65A29900EF424A /* Sources */ = {
			isa = PBXSourcesBuildPhase;
			buildActionMask = 2147483647;
			files = (
				83A8E0222B65A29900EF424A /* EssentialAppUIAcceptanceTests.swift in Sources */,
			);
			runOnlyForDeploymentPostprocessing = 0;
		};
/* End PBXSourcesBuildPhase section */

/* Begin PBXTargetDependency section */
		83A8DFD72B62CC6E00EF424A /* PBXTargetDependency */ = {
			isa = PBXTargetDependency;
			target = 83A8DFBE2B62CC6C00EF424A /* EssentialApp */;
			targetProxy = 83A8DFD62B62CC6E00EF424A /* PBXContainerItemProxy */;
		};
		83A8E0292B65A47500EF424A /* PBXTargetDependency */ = {
			isa = PBXTargetDependency;
			target = 83A8DFBE2B62CC6C00EF424A /* EssentialApp */;
			targetProxy = 83A8E0282B65A47500EF424A /* PBXContainerItemProxy */;
		};
/* End PBXTargetDependency section */

/* Begin PBXVariantGroup section */
		83A8DFC82B62CC6C00EF424A /* Main.storyboard */ = {
			isa = PBXVariantGroup;
			children = (
				83A8DFC92B62CC6C00EF424A /* Base */,
			);
			name = Main.storyboard;
			sourceTree = "<group>";
		};
		83A8DFCD2B62CC6D00EF424A /* LaunchScreen.storyboard */ = {
			isa = PBXVariantGroup;
			children = (
				83A8DFCE2B62CC6D00EF424A /* Base */,
			);
			name = LaunchScreen.storyboard;
			sourceTree = "<group>";
		};
/* End PBXVariantGroup section */

/* Begin XCBuildConfiguration section */
		83A8DFE72B62CC6E00EF424A /* Debug */ = {
			isa = XCBuildConfiguration;
			buildSettings = {
				ALWAYS_SEARCH_USER_PATHS = NO;
				ASSETCATALOG_COMPILER_GENERATE_SWIFT_ASSET_SYMBOL_EXTENSIONS = YES;
				CLANG_ANALYZER_NONNULL = YES;
				CLANG_ANALYZER_NUMBER_OBJECT_CONVERSION = YES_AGGRESSIVE;
				CLANG_CXX_LANGUAGE_STANDARD = "gnu++20";
				CLANG_ENABLE_MODULES = YES;
				CLANG_ENABLE_OBJC_ARC = YES;
				CLANG_ENABLE_OBJC_WEAK = YES;
				CLANG_WARN_BLOCK_CAPTURE_AUTORELEASING = YES;
				CLANG_WARN_BOOL_CONVERSION = YES;
				CLANG_WARN_COMMA = YES;
				CLANG_WARN_CONSTANT_CONVERSION = YES;
				CLANG_WARN_DEPRECATED_OBJC_IMPLEMENTATIONS = YES;
				CLANG_WARN_DIRECT_OBJC_ISA_USAGE = YES_ERROR;
				CLANG_WARN_DOCUMENTATION_COMMENTS = YES;
				CLANG_WARN_EMPTY_BODY = YES;
				CLANG_WARN_ENUM_CONVERSION = YES;
				CLANG_WARN_INFINITE_RECURSION = YES;
				CLANG_WARN_INT_CONVERSION = YES;
				CLANG_WARN_NON_LITERAL_NULL_CONVERSION = YES;
				CLANG_WARN_OBJC_IMPLICIT_RETAIN_SELF = YES;
				CLANG_WARN_OBJC_LITERAL_CONVERSION = YES;
				CLANG_WARN_OBJC_ROOT_CLASS = YES_ERROR;
				CLANG_WARN_QUOTED_INCLUDE_IN_FRAMEWORK_HEADER = YES;
				CLANG_WARN_RANGE_LOOP_ANALYSIS = YES;
				CLANG_WARN_STRICT_PROTOTYPES = YES;
				CLANG_WARN_SUSPICIOUS_MOVE = YES;
				CLANG_WARN_UNGUARDED_AVAILABILITY = YES_AGGRESSIVE;
				CLANG_WARN_UNREACHABLE_CODE = YES;
				CLANG_WARN__DUPLICATE_METHOD_MATCH = YES;
				COPY_PHASE_STRIP = NO;
				DEBUG_INFORMATION_FORMAT = dwarf;
				ENABLE_STRICT_OBJC_MSGSEND = YES;
				ENABLE_TESTABILITY = YES;
				ENABLE_USER_SCRIPT_SANDBOXING = YES;
				GCC_C_LANGUAGE_STANDARD = gnu17;
				GCC_DYNAMIC_NO_PIC = NO;
				GCC_NO_COMMON_BLOCKS = YES;
				GCC_OPTIMIZATION_LEVEL = 0;
				GCC_PREPROCESSOR_DEFINITIONS = (
					"DEBUG=1",
					"$(inherited)",
				);
				GCC_WARN_64_TO_32_BIT_CONVERSION = YES;
				GCC_WARN_ABOUT_RETURN_TYPE = YES_ERROR;
				GCC_WARN_UNDECLARED_SELECTOR = YES;
				GCC_WARN_UNINITIALIZED_AUTOS = YES_AGGRESSIVE;
				GCC_WARN_UNUSED_FUNCTION = YES;
				GCC_WARN_UNUSED_VARIABLE = YES;
				IPHONEOS_DEPLOYMENT_TARGET = 17.2;
				LOCALIZATION_PREFERS_STRING_CATALOGS = YES;
				MTL_ENABLE_DEBUG_INFO = INCLUDE_SOURCE;
				MTL_FAST_MATH = YES;
				ONLY_ACTIVE_ARCH = YES;
				SDKROOT = iphoneos;
				SWIFT_ACTIVE_COMPILATION_CONDITIONS = "DEBUG $(inherited)";
				SWIFT_OPTIMIZATION_LEVEL = "-Onone";
			};
			name = Debug;
		};
		83A8DFE82B62CC6E00EF424A /* Release */ = {
			isa = XCBuildConfiguration;
			buildSettings = {
				ALWAYS_SEARCH_USER_PATHS = NO;
				ASSETCATALOG_COMPILER_GENERATE_SWIFT_ASSET_SYMBOL_EXTENSIONS = YES;
				CLANG_ANALYZER_NONNULL = YES;
				CLANG_ANALYZER_NUMBER_OBJECT_CONVERSION = YES_AGGRESSIVE;
				CLANG_CXX_LANGUAGE_STANDARD = "gnu++20";
				CLANG_ENABLE_MODULES = YES;
				CLANG_ENABLE_OBJC_ARC = YES;
				CLANG_ENABLE_OBJC_WEAK = YES;
				CLANG_WARN_BLOCK_CAPTURE_AUTORELEASING = YES;
				CLANG_WARN_BOOL_CONVERSION = YES;
				CLANG_WARN_COMMA = YES;
				CLANG_WARN_CONSTANT_CONVERSION = YES;
				CLANG_WARN_DEPRECATED_OBJC_IMPLEMENTATIONS = YES;
				CLANG_WARN_DIRECT_OBJC_ISA_USAGE = YES_ERROR;
				CLANG_WARN_DOCUMENTATION_COMMENTS = YES;
				CLANG_WARN_EMPTY_BODY = YES;
				CLANG_WARN_ENUM_CONVERSION = YES;
				CLANG_WARN_INFINITE_RECURSION = YES;
				CLANG_WARN_INT_CONVERSION = YES;
				CLANG_WARN_NON_LITERAL_NULL_CONVERSION = YES;
				CLANG_WARN_OBJC_IMPLICIT_RETAIN_SELF = YES;
				CLANG_WARN_OBJC_LITERAL_CONVERSION = YES;
				CLANG_WARN_OBJC_ROOT_CLASS = YES_ERROR;
				CLANG_WARN_QUOTED_INCLUDE_IN_FRAMEWORK_HEADER = YES;
				CLANG_WARN_RANGE_LOOP_ANALYSIS = YES;
				CLANG_WARN_STRICT_PROTOTYPES = YES;
				CLANG_WARN_SUSPICIOUS_MOVE = YES;
				CLANG_WARN_UNGUARDED_AVAILABILITY = YES_AGGRESSIVE;
				CLANG_WARN_UNREACHABLE_CODE = YES;
				CLANG_WARN__DUPLICATE_METHOD_MATCH = YES;
				COPY_PHASE_STRIP = NO;
				DEBUG_INFORMATION_FORMAT = "dwarf-with-dsym";
				ENABLE_NS_ASSERTIONS = NO;
				ENABLE_STRICT_OBJC_MSGSEND = YES;
				ENABLE_USER_SCRIPT_SANDBOXING = YES;
				GCC_C_LANGUAGE_STANDARD = gnu17;
				GCC_NO_COMMON_BLOCKS = YES;
				GCC_WARN_64_TO_32_BIT_CONVERSION = YES;
				GCC_WARN_ABOUT_RETURN_TYPE = YES_ERROR;
				GCC_WARN_UNDECLARED_SELECTOR = YES;
				GCC_WARN_UNINITIALIZED_AUTOS = YES_AGGRESSIVE;
				GCC_WARN_UNUSED_FUNCTION = YES;
				GCC_WARN_UNUSED_VARIABLE = YES;
				IPHONEOS_DEPLOYMENT_TARGET = 17.2;
				LOCALIZATION_PREFERS_STRING_CATALOGS = YES;
				MTL_ENABLE_DEBUG_INFO = NO;
				MTL_FAST_MATH = YES;
				SDKROOT = iphoneos;
				SWIFT_COMPILATION_MODE = wholemodule;
				VALIDATE_PRODUCT = YES;
			};
			name = Release;
		};
		83A8DFEA2B62CC6E00EF424A /* Debug */ = {
			isa = XCBuildConfiguration;
			buildSettings = {
				ASSETCATALOG_COMPILER_APPICON_NAME = AppIcon;
				ASSETCATALOG_COMPILER_GLOBAL_ACCENT_COLOR_NAME = AccentColor;
				CODE_SIGN_STYLE = Automatic;
				CURRENT_PROJECT_VERSION = 1;
				DEVELOPMENT_TEAM = 54GQFS3JDD;
				GENERATE_INFOPLIST_FILE = YES;
				INFOPLIST_FILE = EssentialApp/Info.plist;
				INFOPLIST_KEY_UIApplicationSupportsIndirectInputEvents = YES;
				INFOPLIST_KEY_UILaunchStoryboardName = LaunchScreen;
				INFOPLIST_KEY_UIMainStoryboardFile = Main;
				INFOPLIST_KEY_UIRequiresFullScreen = YES;
				INFOPLIST_KEY_UISupportedInterfaceOrientations = UIInterfaceOrientationPortrait;
				LD_RUNPATH_SEARCH_PATHS = (
					"$(inherited)",
					"@executable_path/Frameworks",
				);
				MARKETING_VERSION = 1.0;
				PRODUCT_BUNDLE_IDENTIFIER = com.oscarsantos.EssentialApp;
				PRODUCT_NAME = "$(TARGET_NAME)";
				SWIFT_EMIT_LOC_STRINGS = YES;
				SWIFT_VERSION = 5.0;
				TARGETED_DEVICE_FAMILY = "1,2";
			};
			name = Debug;
		};
		83A8DFEB2B62CC6E00EF424A /* Release */ = {
			isa = XCBuildConfiguration;
			buildSettings = {
				ASSETCATALOG_COMPILER_APPICON_NAME = AppIcon;
				ASSETCATALOG_COMPILER_GLOBAL_ACCENT_COLOR_NAME = AccentColor;
				CODE_SIGN_STYLE = Automatic;
				CURRENT_PROJECT_VERSION = 1;
				DEVELOPMENT_TEAM = 54GQFS3JDD;
				GENERATE_INFOPLIST_FILE = YES;
				INFOPLIST_FILE = EssentialApp/Info.plist;
				INFOPLIST_KEY_UIApplicationSupportsIndirectInputEvents = YES;
				INFOPLIST_KEY_UILaunchStoryboardName = LaunchScreen;
				INFOPLIST_KEY_UIMainStoryboardFile = Main;
				INFOPLIST_KEY_UIRequiresFullScreen = YES;
				INFOPLIST_KEY_UISupportedInterfaceOrientations = UIInterfaceOrientationPortrait;
				LD_RUNPATH_SEARCH_PATHS = (
					"$(inherited)",
					"@executable_path/Frameworks",
				);
				MARKETING_VERSION = 1.0;
				PRODUCT_BUNDLE_IDENTIFIER = com.oscarsantos.EssentialApp;
				PRODUCT_NAME = "$(TARGET_NAME)";
				SWIFT_EMIT_LOC_STRINGS = YES;
				SWIFT_VERSION = 5.0;
				TARGETED_DEVICE_FAMILY = "1,2";
			};
			name = Release;
		};
		83A8DFED2B62CC6E00EF424A /* Debug */ = {
			isa = XCBuildConfiguration;
			buildSettings = {
				ALWAYS_EMBED_SWIFT_STANDARD_LIBRARIES = YES;
				BUNDLE_LOADER = "$(TEST_HOST)";
				CODE_SIGN_STYLE = Automatic;
				CURRENT_PROJECT_VERSION = 1;
				DEVELOPMENT_TEAM = 54GQFS3JDD;
				GENERATE_INFOPLIST_FILE = YES;
				IPHONEOS_DEPLOYMENT_TARGET = 17.2;
				MARKETING_VERSION = 1.0;
				PRODUCT_BUNDLE_IDENTIFIER = com.oscarsantos.EssentialAppTests;
				PRODUCT_NAME = "$(TARGET_NAME)";
				SWIFT_EMIT_LOC_STRINGS = NO;
				SWIFT_VERSION = 5.0;
				TARGETED_DEVICE_FAMILY = "1,2";
				TEST_HOST = "$(BUILT_PRODUCTS_DIR)/EssentialApp.app/$(BUNDLE_EXECUTABLE_FOLDER_PATH)/EssentialApp";
			};
			name = Debug;
		};
		83A8DFEE2B62CC6E00EF424A /* Release */ = {
			isa = XCBuildConfiguration;
			buildSettings = {
				ALWAYS_EMBED_SWIFT_STANDARD_LIBRARIES = YES;
				BUNDLE_LOADER = "$(TEST_HOST)";
				CODE_SIGN_STYLE = Automatic;
				CURRENT_PROJECT_VERSION = 1;
				DEVELOPMENT_TEAM = 54GQFS3JDD;
				GENERATE_INFOPLIST_FILE = YES;
				IPHONEOS_DEPLOYMENT_TARGET = 17.2;
				MARKETING_VERSION = 1.0;
				PRODUCT_BUNDLE_IDENTIFIER = com.oscarsantos.EssentialAppTests;
				PRODUCT_NAME = "$(TARGET_NAME)";
				SWIFT_EMIT_LOC_STRINGS = NO;
				SWIFT_VERSION = 5.0;
				TARGETED_DEVICE_FAMILY = "1,2";
				TEST_HOST = "$(BUILT_PRODUCTS_DIR)/EssentialApp.app/$(BUNDLE_EXECUTABLE_FOLDER_PATH)/EssentialApp";
			};
			name = Release;
		};
		83A8E0252B65A29900EF424A /* Debug */ = {
			isa = XCBuildConfiguration;
			buildSettings = {
				CODE_SIGN_STYLE = Automatic;
				CURRENT_PROJECT_VERSION = 1;
				DEVELOPMENT_TEAM = 54GQFS3JDD;
				GENERATE_INFOPLIST_FILE = YES;
				MACOSX_DEPLOYMENT_TARGET = 14.2;
				MARKETING_VERSION = 1.0;
				PRODUCT_BUNDLE_IDENTIFIER = com.oscarsantos.EssentialAppUIAcceptanceTests;
				PRODUCT_NAME = "$(TARGET_NAME)";
				SDKROOT = macosx;
				SUPPORTED_PLATFORMS = "iphoneos iphonesimulator";
				SUPPORTS_MACCATALYST = NO;
				SWIFT_EMIT_LOC_STRINGS = NO;
				SWIFT_VERSION = 5.0;
				TARGETED_DEVICE_FAMILY = 1;
				TEST_TARGET_NAME = EssentialApp;
			};
			name = Debug;
		};
		83A8E0262B65A29900EF424A /* Release */ = {
			isa = XCBuildConfiguration;
			buildSettings = {
				CODE_SIGN_STYLE = Automatic;
				CURRENT_PROJECT_VERSION = 1;
				DEVELOPMENT_TEAM = 54GQFS3JDD;
				GENERATE_INFOPLIST_FILE = YES;
				MACOSX_DEPLOYMENT_TARGET = 14.2;
				MARKETING_VERSION = 1.0;
				PRODUCT_BUNDLE_IDENTIFIER = com.oscarsantos.EssentialAppUIAcceptanceTests;
				PRODUCT_NAME = "$(TARGET_NAME)";
				SDKROOT = macosx;
				SUPPORTED_PLATFORMS = "iphoneos iphonesimulator";
				SUPPORTS_MACCATALYST = NO;
				SWIFT_EMIT_LOC_STRINGS = NO;
				SWIFT_VERSION = 5.0;
				TARGETED_DEVICE_FAMILY = 1;
				TEST_TARGET_NAME = EssentialApp;
			};
			name = Release;
		};
/* End XCBuildConfiguration section */

/* Begin XCConfigurationList section */
		83A8DFBA2B62CC6C00EF424A /* Build configuration list for PBXProject "EssentialApp" */ = {
			isa = XCConfigurationList;
			buildConfigurations = (
				83A8DFE72B62CC6E00EF424A /* Debug */,
				83A8DFE82B62CC6E00EF424A /* Release */,
			);
			defaultConfigurationIsVisible = 0;
			defaultConfigurationName = Release;
		};
		83A8DFE92B62CC6E00EF424A /* Build configuration list for PBXNativeTarget "EssentialApp" */ = {
			isa = XCConfigurationList;
			buildConfigurations = (
				83A8DFEA2B62CC6E00EF424A /* Debug */,
				83A8DFEB2B62CC6E00EF424A /* Release */,
			);
			defaultConfigurationIsVisible = 0;
			defaultConfigurationName = Release;
		};
		83A8DFEC2B62CC6E00EF424A /* Build configuration list for PBXNativeTarget "EssentialAppTests" */ = {
			isa = XCConfigurationList;
			buildConfigurations = (
				83A8DFED2B62CC6E00EF424A /* Debug */,
				83A8DFEE2B62CC6E00EF424A /* Release */,
			);
			defaultConfigurationIsVisible = 0;
			defaultConfigurationName = Release;
		};
		83A8E0272B65A29900EF424A /* Build configuration list for PBXNativeTarget "EssentialAppUIAcceptanceTests" */ = {
			isa = XCConfigurationList;
			buildConfigurations = (
				83A8E0252B65A29900EF424A /* Debug */,
				83A8E0262B65A29900EF424A /* Release */,
			);
			defaultConfigurationIsVisible = 0;
			defaultConfigurationName = Release;
		};
/* End XCConfigurationList section */
	};
	rootObject = 83A8DFB72B62CC6C00EF424A /* Project object */;
}
